// !$*UTF8*$!
{
	archiveVersion = 1;
	classes = {
	};
	objectVersion = 46;
	objects = {

/* Begin PBXFileReference section */
		D7DCAE631B8F49DF00442237 /* MainFrameWork.h */ = {isa = PBXFileReference; lastKnownFileType = sourcecode.c.h; path = MainFrameWork.h; sourceTree = "<group>"; };
		D7DCAE641B8F4B4700442237 /* FileSplitter.h */ = {isa = PBXFileReference; lastKnownFileType = sourcecode.c.h; path = FileSplitter.h; sourceTree = "<group>"; };
		D7DCAE651B8F4E9E00442237 /* QuickFileSplitter.h */ = {isa = PBXFileReference; lastKnownFileType = sourcecode.c.h; path = QuickFileSplitter.h; sourceTree = "<group>"; };
		D7DCAE661B8F586F00442237 /* ProgressBar.h */ = {isa = PBXFileReference; lastKnownFileType = sourcecode.c.h; path = ProgressBar.h; sourceTree = "<group>"; };
		D7DCAE671B8F67D000442237 /* IFileSplitter.h */ = {isa = PBXFileReference; lastKnownFileType = sourcecode.c.h; path = IFileSplitter.h; sourceTree = "<group>"; };
		D7DCAE681B8F6AD400442237 /* test.cpp */ = {isa = PBXFileReference; lastKnownFileType = sourcecode.cpp.cpp; path = test.cpp; sourceTree = "<group>"; };
/* End PBXFileReference section */

/* Begin PBXGroup section */
		D7DCAE5C1B8F499A00442237 = {
			isa = PBXGroup;
			children = (
				D7DCAE681B8F6AD400442237 /* test.cpp */,
				D7DCAE671B8F67D000442237 /* IFileSplitter.h */,
				D7DCAE661B8F586F00442237 /* ProgressBar.h */,
				D7DCAE651B8F4E9E00442237 /* QuickFileSplitter.h */,
				D7DCAE641B8F4B4700442237 /* FileSplitter.h */,
				D7DCAE631B8F49DF00442237 /* MainFrameWork.h */,
			);
			sourceTree = "<group>";
		};
/* End PBXGroup section */

/* Begin PBXProject section */
		D7DCAE5D1B8F499A00442237 /* Project object */ = {
			isa = PBXProject;
			attributes = {
				LastUpgradeCheck = 0640;
			};
			buildConfigurationList = D7DCAE601B8F499A00442237 /* Build configuration list for PBXProject "ObserverPatten" */;
			compatibilityVersion = "Xcode 3.2";
			developmentRegion = English;
			hasScannedForEncodings = 0;
			knownRegions = (
				en,
			);
			mainGroup = D7DCAE5C1B8F499A00442237;
			projectDirPath = "";
			projectRoot = "";
			targets = (
			);
		};
/* End PBXProject section */

/* Begin XCBuildConfiguration section */
		D7DCAE611B8F499A00442237 /* Debug */ = {
			isa = XCBuildConfiguration;
			buildSettings = {
			};
			name = Debug;
		};
		D7DCAE621B8F499A00442237 /* Release */ = {
			isa = XCBuildConfiguration;
			buildSettings = {
			};
			name = Release;
		};
/* End XCBuildConfiguration section */

/* Begin XCConfigurationList section */
		D7DCAE601B8F499A00442237 /* Build configuration list for PBXProject "ObserverPatten" */ = {
			isa = XCConfigurationList;
			buildConfigurations = (
				D7DCAE611B8F499A00442237 /* Debug */,
				D7DCAE621B8F499A00442237 /* Release */,
			);
			defaultConfigurationIsVisible = 0;
			defaultConfigurationName = Release;
		};
/* End XCConfigurationList section */
	};
	rootObject = D7DCAE5D1B8F499A00442237 /* Project object */;
}
